
Microsoft Visual Studio Solution File, Format Version 12.00
Project("{FAE04EC0-301F-11D3-BF4B-00C04F79EFBC}") = "Reactive", "Reactive.csproj", "{99FF5B1C-FA88-4A22-A0F5-D1E7350003EF}"
EndProject
Global
	GlobalSection(SolutionConfigurationPlatforms) = preSolution
		Debug|Any CPU = Debug|Any CPU
		Release|Any CPU = Release|Any CPU
	EndGlobalSection
	GlobalSection(ProjectConfigurationPlatforms) = postSolution
		{99FF5B1C-FA88-4A22-A0F5-D1E7350003EF}.Debug|Any CPU.ActiveCfg = Debug|Any CPU
		{99FF5B1C-FA88-4A22-A0F5-D1E7350003EF}.Debug|Any CPU.Build.0 = Debug|Any CPU
		{99FF5B1C-FA88-4A22-A0F5-D1E7350003EF}.Release|Any CPU.ActiveCfg = Release|Any CPU
		{99FF5B1C-FA88-4A22-A0F5-D1E7350003EF}.Release|Any CPU.Build.0 = Release|Any CPU
	EndGlobalSection
EndGlobal
